// !$*UTF8*$!
{
	archiveVersion = 1;
	classes = {
	};
	objectVersion = 50;
	objects = {

/* Begin PBXBuildFile section */
		4A007EAB24A5F05A0012D177 /* AppDelegate.swift in Sources */ = {isa = PBXBuildFile; fileRef = 4A007EAA24A5F05A0012D177 /* AppDelegate.swift */; };
		4A007EAF24A5F05A0012D177 /* ViewController.swift in Sources */ = {isa = PBXBuildFile; fileRef = 4A007EAE24A5F05A0012D177 /* ViewController.swift */; };
		4A007EB224A5F05A0012D177 /* Main.storyboard in Resources */ = {isa = PBXBuildFile; fileRef = 4A007EB024A5F05A0012D177 /* Main.storyboard */; };
		4A007EB424A5F05D0012D177 /* Assets.xcassets in Resources */ = {isa = PBXBuildFile; fileRef = 4A007EB324A5F05D0012D177 /* Assets.xcassets */; };
		4A007EB724A5F05D0012D177 /* LaunchScreen.storyboard in Resources */ = {isa = PBXBuildFile; fileRef = 4A007EB524A5F05D0012D177 /* LaunchScreen.storyboard */; };
		4A007EC224A5F05D0012D177 /* DouYuTVTests.swift in Sources */ = {isa = PBXBuildFile; fileRef = 4A007EC124A5F05D0012D177 /* DouYuTVTests.swift */; };
		4A007ECD24A5F05D0012D177 /* DouYuTVUITests.swift in Sources */ = {isa = PBXBuildFile; fileRef = 4A007ECC24A5F05D0012D177 /* DouYuTVUITests.swift */; };
		4A0A9EEF24A730160046B291 /* PageContentView.swift in Sources */ = {isa = PBXBuildFile; fileRef = 4A0A9EEE24A730160046B291 /* PageContentView.swift */; };
		4A0DC53C24A6EC3200A1C2AA /* Home.storyboard in Resources */ = {isa = PBXBuildFile; fileRef = 4A0DC53B24A6EC3200A1C2AA /* Home.storyboard */; };
		4A0DC53E24A6EC5800A1C2AA /* Live.storyboard in Resources */ = {isa = PBXBuildFile; fileRef = 4A0DC53D24A6EC5800A1C2AA /* Live.storyboard */; };
		4A0DC54024A6EC7C00A1C2AA /* Follow.storyboard in Resources */ = {isa = PBXBuildFile; fileRef = 4A0DC53F24A6EC7C00A1C2AA /* Follow.storyboard */; };
		4A0DC54224A6EC9C00A1C2AA /* User.storyboard in Resources */ = {isa = PBXBuildFile; fileRef = 4A0DC54124A6EC9C00A1C2AA /* User.storyboard */; };
		4A0DC54724A6F6E500A1C2AA /* HomeViewController.swift in Sources */ = {isa = PBXBuildFile; fileRef = 4A0DC54624A6F6E500A1C2AA /* HomeViewController.swift */; };
		4A0DC55224A6F7A300A1C2AA /* LiveViewController.swift in Sources */ = {isa = PBXBuildFile; fileRef = 4A0DC55124A6F7A300A1C2AA /* LiveViewController.swift */; };
		4A0DC55424A6F7BE00A1C2AA /* FollowViewController.swift in Sources */ = {isa = PBXBuildFile; fileRef = 4A0DC55324A6F7BE00A1C2AA /* FollowViewController.swift */; };
		4A0DC55624A6F7E500A1C2AA /* UserViewController.swift in Sources */ = {isa = PBXBuildFile; fileRef = 4A0DC55524A6F7E500A1C2AA /* UserViewController.swift */; };
		4A0DC55924A6FCE200A1C2AA /* UIBarButtonIten_Extension.swift in Sources */ = {isa = PBXBuildFile; fileRef = 4A0DC55824A6FCE200A1C2AA /* UIBarButtonIten_Extension.swift */; };
		4A0DC55B24A70CEE00A1C2AA /* PageTitleView.swift in Sources */ = {isa = PBXBuildFile; fileRef = 4A0DC55A24A70CEE00A1C2AA /* PageTitleView.swift */; };
		4A0DC55D24A70CFE00A1C2AA /* Common.swift in Sources */ = {isa = PBXBuildFile; fileRef = 4A0DC55C24A70CFE00A1C2AA /* Common.swift */; };
		4A0DC55F24A71FC500A1C2AA /* UIColor_Extension.swift in Sources */ = {isa = PBXBuildFile; fileRef = 4A0DC55E24A71FC500A1C2AA /* UIColor_Extension.swift */; };
/* End PBXBuildFile section */

/* Begin PBXContainerItemProxy section */
		4A007EBE24A5F05D0012D177 /* PBXContainerItemProxy */ = {
			isa = PBXContainerItemProxy;
			containerPortal = 4A007E9F24A5F05A0012D177 /* Project object */;
			proxyType = 1;
			remoteGlobalIDString = 4A007EA624A5F05A0012D177;
			remoteInfo = DouYuTV;
		};
		4A007EC924A5F05D0012D177 /* PBXContainerItemProxy */ = {
			isa = PBXContainerItemProxy;
			containerPortal = 4A007E9F24A5F05A0012D177 /* Project object */;
			proxyType = 1;
			remoteGlobalIDString = 4A007EA624A5F05A0012D177;
			remoteInfo = DouYuTV;
		};
/* End PBXContainerItemProxy section */

/* Begin PBXFileReference section */
		4A007EA724A5F05A0012D177 /* DouYuTV.app */ = {isa = PBXFileReference; explicitFileType = wrapper.application; includeInIndex = 0; path = DouYuTV.app; sourceTree = BUILT_PRODUCTS_DIR; };
		4A007EAA24A5F05A0012D177 /* AppDelegate.swift */ = {isa = PBXFileReference; lastKnownFileType = sourcecode.swift; path = AppDelegate.swift; sourceTree = "<group>"; };
		4A007EAE24A5F05A0012D177 /* ViewController.swift */ = {isa = PBXFileReference; lastKnownFileType = sourcecode.swift; path = ViewController.swift; sourceTree = "<group>"; };
		4A007EB124A5F05A0012D177 /* Base */ = {isa = PBXFileReference; lastKnownFileType = file.storyboard; name = Base; path = Base.lproj/Main.storyboard; sourceTree = "<group>"; };
		4A007EB324A5F05D0012D177 /* Assets.xcassets */ = {isa = PBXFileReference; lastKnownFileType = folder.assetcatalog; path = Assets.xcassets; sourceTree = "<group>"; };
		4A007EB624A5F05D0012D177 /* Base */ = {isa = PBXFileReference; lastKnownFileType = file.storyboard; name = Base; path = Base.lproj/LaunchScreen.storyboard; sourceTree = "<group>"; };
		4A007EB824A5F05D0012D177 /* Info.plist */ = {isa = PBXFileReference; lastKnownFileType = text.plist.xml; path = Info.plist; sourceTree = "<group>"; };
		4A007EBD24A5F05D0012D177 /* DouYuTVTests.xctest */ = {isa = PBXFileReference; explicitFileType = wrapper.cfbundle; includeInIndex = 0; path = DouYuTVTests.xctest; sourceTree = BUILT_PRODUCTS_DIR; };
		4A007EC124A5F05D0012D177 /* DouYuTVTests.swift */ = {isa = PBXFileReference; lastKnownFileType = sourcecode.swift; path = DouYuTVTests.swift; sourceTree = "<group>"; };
		4A007EC324A5F05D0012D177 /* Info.plist */ = {isa = PBXFileReference; lastKnownFileType = text.plist.xml; path = Info.plist; sourceTree = "<group>"; };
		4A007EC824A5F05D0012D177 /* DouYuTVUITests.xctest */ = {isa = PBXFileReference; explicitFileType = wrapper.cfbundle; includeInIndex = 0; path = DouYuTVUITests.xctest; sourceTree = BUILT_PRODUCTS_DIR; };
		4A007ECC24A5F05D0012D177 /* DouYuTVUITests.swift */ = {isa = PBXFileReference; lastKnownFileType = sourcecode.swift; path = DouYuTVUITests.swift; sourceTree = "<group>"; };
		4A007ECE24A5F05D0012D177 /* Info.plist */ = {isa = PBXFileReference; lastKnownFileType = text.plist.xml; path = Info.plist; sourceTree = "<group>"; };
		4A0A9EEE24A730160046B291 /* PageContentView.swift */ = {isa = PBXFileReference; lastKnownFileType = sourcecode.swift; path = PageContentView.swift; sourceTree = "<group>"; };
		4A0DC53B24A6EC3200A1C2AA /* Home.storyboard */ = {isa = PBXFileReference; fileEncoding = 4; lastKnownFileType = file.storyboard; path = Home.storyboard; sourceTree = "<group>"; };
		4A0DC53D24A6EC5800A1C2AA /* Live.storyboard */ = {isa = PBXFileReference; fileEncoding = 4; lastKnownFileType = file.storyboard; path = Live.storyboard; sourceTree = "<group>"; };
		4A0DC53F24A6EC7C00A1C2AA /* Follow.storyboard */ = {isa = PBXFileReference; fileEncoding = 4; lastKnownFileType = file.storyboard; path = Follow.storyboard; sourceTree = "<group>"; };
		4A0DC54124A6EC9C00A1C2AA /* User.storyboard */ = {isa = PBXFileReference; fileEncoding = 4; lastKnownFileType = file.storyboard; path = User.storyboard; sourceTree = "<group>"; };
		4A0DC54624A6F6E500A1C2AA /* HomeViewController.swift */ = {isa = PBXFileReference; lastKnownFileType = sourcecode.swift; path = HomeViewController.swift; sourceTree = "<group>"; };
		4A0DC55124A6F7A300A1C2AA /* LiveViewController.swift */ = {isa = PBXFileReference; lastKnownFileType = sourcecode.swift; path = LiveViewController.swift; sourceTree = "<group>"; };
		4A0DC55324A6F7BE00A1C2AA /* FollowViewController.swift */ = {isa = PBXFileReference; lastKnownFileType = sourcecode.swift; path = FollowViewController.swift; sourceTree = "<group>"; };
		4A0DC55524A6F7E500A1C2AA /* UserViewController.swift */ = {isa = PBXFileReference; lastKnownFileType = sourcecode.swift; path = UserViewController.swift; sourceTree = "<group>"; };
		4A0DC55824A6FCE200A1C2AA /* UIBarButtonIten_Extension.swift */ = {isa = PBXFileReference; lastKnownFileType = sourcecode.swift; path = UIBarButtonIten_Extension.swift; sourceTree = "<group>"; };
		4A0DC55A24A70CEE00A1C2AA /* PageTitleView.swift */ = {isa = PBXFileReference; lastKnownFileType = sourcecode.swift; path = PageTitleView.swift; sourceTree = "<group>"; };
		4A0DC55C24A70CFE00A1C2AA /* Common.swift */ = {isa = PBXFileReference; lastKnownFileType = sourcecode.swift; path = Common.swift; sourceTree = "<group>"; };
		4A0DC55E24A71FC500A1C2AA /* UIColor_Extension.swift */ = {isa = PBXFileReference; lastKnownFileType = sourcecode.swift; path = UIColor_Extension.swift; sourceTree = "<group>"; };
/* End PBXFileReference section */

/* Begin PBXFrameworksBuildPhase section */
		4A007EA424A5F05A0012D177 /* Frameworks */ = {
			isa = PBXFrameworksBuildPhase;
			buildActionMask = 2147483647;
			files = (
			);
			runOnlyForDeploymentPostprocessing = 0;
		};
		4A007EBA24A5F05D0012D177 /* Frameworks */ = {
			isa = PBXFrameworksBuildPhase;
			buildActionMask = 2147483647;
			files = (
			);
			runOnlyForDeploymentPostprocessing = 0;
		};
		4A007EC524A5F05D0012D177 /* Frameworks */ = {
			isa = PBXFrameworksBuildPhase;
			buildActionMask = 2147483647;
			files = (
			);
			runOnlyForDeploymentPostprocessing = 0;
		};
/* End PBXFrameworksBuildPhase section */

/* Begin PBXGroup section */
		4A007E9E24A5F05A0012D177 = {
			isa = PBXGroup;
			children = (
				4A007EA924A5F05A0012D177 /* DouYuTV */,
				4A007EC024A5F05D0012D177 /* DouYuTVTests */,
				4A007ECB24A5F05D0012D177 /* DouYuTVUITests */,
				4A007EA824A5F05A0012D177 /* Products */,
			);
			sourceTree = "<group>";
		};
		4A007EA824A5F05A0012D177 /* Products */ = {
			isa = PBXGroup;
			children = (
				4A007EA724A5F05A0012D177 /* DouYuTV.app */,
				4A007EBD24A5F05D0012D177 /* DouYuTVTests.xctest */,
				4A007EC824A5F05D0012D177 /* DouYuTVUITests.xctest */,
			);
			name = Products;
			sourceTree = "<group>";
		};
		4A007EA924A5F05A0012D177 /* DouYuTV */ = {
			isa = PBXGroup;
			children = (
				4A007EDF24A5F8620012D177 /* Main */,
				4A007EDE24A5F85C0012D177 /* Home */,
				4A007EDD24A5F8570012D177 /* Live */,
				4A007EDC24A5F8520012D177 /* Follow */,
				4A007EDB24A5F84D0012D177 /* Profile */,
				4A007EDA24A5F8390012D177 /* Tools */,
				4A007EAA24A5F05A0012D177 /* AppDelegate.swift */,
				4A007EAE24A5F05A0012D177 /* ViewController.swift */,
				4A007EB324A5F05D0012D177 /* Assets.xcassets */,
				4A007EB524A5F05D0012D177 /* LaunchScreen.storyboard */,
				4A007EB824A5F05D0012D177 /* Info.plist */,
			);
			path = DouYuTV;
			sourceTree = "<group>";
		};
		4A007EC024A5F05D0012D177 /* DouYuTVTests */ = {
			isa = PBXGroup;
			children = (
				4A007EC124A5F05D0012D177 /* DouYuTVTests.swift */,
				4A007EC324A5F05D0012D177 /* Info.plist */,
			);
			path = DouYuTVTests;
			sourceTree = "<group>";
		};
		4A007ECB24A5F05D0012D177 /* DouYuTVUITests */ = {
			isa = PBXGroup;
			children = (
				4A007ECC24A5F05D0012D177 /* DouYuTVUITests.swift */,
				4A007ECE24A5F05D0012D177 /* Info.plist */,
			);
			path = DouYuTVUITests;
			sourceTree = "<group>";
		};
		4A007EDA24A5F8390012D177 /* Tools */ = {
			isa = PBXGroup;
			children = (
				4A0DC55724A6FCA000A1C2AA /* Extension */,
				4A0DC55C24A70CFE00A1C2AA /* Common.swift */,
			);
			path = Tools;
			sourceTree = "<group>";
		};
		4A007EDB24A5F84D0012D177 /* Profile */ = {
			isa = PBXGroup;
			children = (
				4A0DC55024A6F78800A1C2AA /* model */,
				4A0DC54F24A6F78100A1C2AA /* view */,
				4A0DC54E24A6F77900A1C2AA /* controller */,
			);
			path = Profile;
			sourceTree = "<group>";
		};
		4A007EDC24A5F8520012D177 /* Follow */ = {
			isa = PBXGroup;
			children = (
				4A0DC54D24A6F77100A1C2AA /* model */,
				4A0DC54C24A6F76900A1C2AA /* view */,
				4A0DC54B24A6F76100A1C2AA /* controller */,
			);
			path = Follow;
			sourceTree = "<group>";
		};
		4A007EDD24A5F8570012D177 /* Live */ = {
			isa = PBXGroup;
			children = (
				4A0DC54A24A6F75500A1C2AA /* view */,
				4A0DC54924A6F74300A1C2AA /* model */,
				4A0DC54824A6F72100A1C2AA /* controller */,
			);
			path = Live;
			sourceTree = "<group>";
		};
		4A007EDE24A5F85C0012D177 /* Home */ = {
			isa = PBXGroup;
			children = (
				4A0DC54424A6F67D00A1C2AA /* model */,
				4A0DC54524A6F69000A1C2AA /* view */,
				4A0DC54324A6F62000A1C2AA /* controller */,
			);
			path = Home;
			sourceTree = "<group>";
		};
		4A007EDF24A5F8620012D177 /* Main */ = {
			isa = PBXGroup;
			children = (
				4A007EB024A5F05A0012D177 /* Main.storyboard */,
				4A0DC53B24A6EC3200A1C2AA /* Home.storyboard */,
				4A0DC53D24A6EC5800A1C2AA /* Live.storyboard */,
				4A0DC53F24A6EC7C00A1C2AA /* Follow.storyboard */,
				4A0DC54124A6EC9C00A1C2AA /* User.storyboard */,
			);
			path = Main;
			sourceTree = "<group>";
		};
		4A0DC54324A6F62000A1C2AA /* controller */ = {
			isa = PBXGroup;
			children = (
				4A0DC54624A6F6E500A1C2AA /* HomeViewController.swift */,
			);
			path = controller;
			sourceTree = "<group>";
		};
		4A0DC54424A6F67D00A1C2AA /* model */ = {
			isa = PBXGroup;
			children = (
			);
			path = model;
			sourceTree = "<group>";
		};
		4A0DC54524A6F69000A1C2AA /* view */ = {
			isa = PBXGroup;
			children = (
				4A0DC55A24A70CEE00A1C2AA /* PageTitleView.swift */,
				4A0A9EEE24A730160046B291 /* PageContentView.swift */,
			);
			path = view;
			sourceTree = "<group>";
		};
		4A0DC54824A6F72100A1C2AA /* controller */ = {
			isa = PBXGroup;
			children = (
				4A0DC55124A6F7A300A1C2AA /* LiveViewController.swift */,
			);
			path = controller;
			sourceTree = "<group>";
		};
		4A0DC54924A6F74300A1C2AA /* model */ = {
			isa = PBXGroup;
			children = (
			);
			path = model;
			sourceTree = "<group>";
		};
		4A0DC54A24A6F75500A1C2AA /* view */ = {
			isa = PBXGroup;
			children = (
			);
			path = view;
			sourceTree = "<group>";
		};
		4A0DC54B24A6F76100A1C2AA /* controller */ = {
			isa = PBXGroup;
			children = (
				4A0DC55324A6F7BE00A1C2AA /* FollowViewController.swift */,
			);
			path = controller;
			sourceTree = "<group>";
		};
		4A0DC54C24A6F76900A1C2AA /* view */ = {
			isa = PBXGroup;
			children = (
			);
			path = view;
			sourceTree = "<group>";
		};
		4A0DC54D24A6F77100A1C2AA /* model */ = {
			isa = PBXGroup;
			children = (
			);
			path = model;
			sourceTree = "<group>";
		};
		4A0DC54E24A6F77900A1C2AA /* controller */ = {
			isa = PBXGroup;
			children = (
				4A0DC55524A6F7E500A1C2AA /* UserViewController.swift */,
			);
			path = controller;
			sourceTree = "<group>";
		};
		4A0DC54F24A6F78100A1C2AA /* view */ = {
			isa = PBXGroup;
			children = (
			);
			path = view;
			sourceTree = "<group>";
		};
		4A0DC55024A6F78800A1C2AA /* model */ = {
			isa = PBXGroup;
			children = (
			);
			path = model;
			sourceTree = "<group>";
		};
		4A0DC55724A6FCA000A1C2AA /* Extension */ = {
			isa = PBXGroup;
			children = (
				4A0DC55824A6FCE200A1C2AA /* UIBarButtonIten_Extension.swift */,
				4A0DC55E24A71FC500A1C2AA /* UIColor_Extension.swift */,
			);
			path = Extension;
			sourceTree = "<group>";
		};
/* End PBXGroup section */

/* Begin PBXNativeTarget section */
		4A007EA624A5F05A0012D177 /* DouYuTV */ = {
			isa = PBXNativeTarget;
			buildConfigurationList = 4A007ED124A5F05D0012D177 /* Build configuration list for PBXNativeTarget "DouYuTV" */;
			buildPhases = (
				4A007EA324A5F05A0012D177 /* Sources */,
				4A007EA424A5F05A0012D177 /* Frameworks */,
				4A007EA524A5F05A0012D177 /* Resources */,
			);
			buildRules = (
			);
			dependencies = (
			);
			name = DouYuTV;
			productName = DouYuTV;
			productReference = 4A007EA724A5F05A0012D177 /* DouYuTV.app */;
			productType = "com.apple.product-type.application";
		};
		4A007EBC24A5F05D0012D177 /* DouYuTVTests */ = {
			isa = PBXNativeTarget;
			buildConfigurationList = 4A007ED424A5F05D0012D177 /* Build configuration list for PBXNativeTarget "DouYuTVTests" */;
			buildPhases = (
				4A007EB924A5F05D0012D177 /* Sources */,
				4A007EBA24A5F05D0012D177 /* Frameworks */,
				4A007EBB24A5F05D0012D177 /* Resources */,
			);
			buildRules = (
			);
			dependencies = (
				4A007EBF24A5F05D0012D177 /* PBXTargetDependency */,
			);
			name = DouYuTVTests;
			productName = DouYuTVTests;
			productReference = 4A007EBD24A5F05D0012D177 /* DouYuTVTests.xctest */;
			productType = "com.apple.product-type.bundle.unit-test";
		};
		4A007EC724A5F05D0012D177 /* DouYuTVUITests */ = {
			isa = PBXNativeTarget;
			buildConfigurationList = 4A007ED724A5F05D0012D177 /* Build configuration list for PBXNativeTarget "DouYuTVUITests" */;
			buildPhases = (
				4A007EC424A5F05D0012D177 /* Sources */,
				4A007EC524A5F05D0012D177 /* Frameworks */,
				4A007EC624A5F05D0012D177 /* Resources */,
			);
			buildRules = (
			);
			dependencies = (
				4A007ECA24A5F05D0012D177 /* PBXTargetDependency */,
			);
			name = DouYuTVUITests;
			productName = DouYuTVUITests;
			productReference = 4A007EC824A5F05D0012D177 /* DouYuTVUITests.xctest */;
			productType = "com.apple.product-type.bundle.ui-testing";
		};
/* End PBXNativeTarget section */

/* Begin PBXProject section */
		4A007E9F24A5F05A0012D177 /* Project object */ = {
			isa = PBXProject;
			attributes = {
				LastSwiftUpdateCheck = 1150;
				LastUpgradeCheck = 1150;
				ORGANIZATIONNAME = "黄武";
				TargetAttributes = {
					4A007EA624A5F05A0012D177 = {
						CreatedOnToolsVersion = 11.5;
					};
					4A007EBC24A5F05D0012D177 = {
						CreatedOnToolsVersion = 11.5;
						TestTargetID = 4A007EA624A5F05A0012D177;
					};
					4A007EC724A5F05D0012D177 = {
						CreatedOnToolsVersion = 11.5;
						TestTargetID = 4A007EA624A5F05A0012D177;
					};
				};
			};
			buildConfigurationList = 4A007EA224A5F05A0012D177 /* Build configuration list for PBXProject "DouYuTV" */;
			compatibilityVersion = "Xcode 9.3";
			developmentRegion = en;
			hasScannedForEncodings = 0;
			knownRegions = (
				en,
				Base,
			);
			mainGroup = 4A007E9E24A5F05A0012D177;
			productRefGroup = 4A007EA824A5F05A0012D177 /* Products */;
			projectDirPath = "";
			projectRoot = "";
			targets = (
				4A007EA624A5F05A0012D177 /* DouYuTV */,
				4A007EBC24A5F05D0012D177 /* DouYuTVTests */,
				4A007EC724A5F05D0012D177 /* DouYuTVUITests */,
			);
		};
/* End PBXProject section */

/* Begin PBXResourcesBuildPhase section */
		4A007EA524A5F05A0012D177 /* Resources */ = {
			isa = PBXResourcesBuildPhase;
			buildActionMask = 2147483647;
			files = (
				4A007EB724A5F05D0012D177 /* LaunchScreen.storyboard in Resources */,
				4A007EB424A5F05D0012D177 /* Assets.xcassets in Resources */,
				4A007EB224A5F05A0012D177 /* Main.storyboard in Resources */,
				4A0DC53E24A6EC5800A1C2AA /* Live.storyboard in Resources */,
				4A0DC53C24A6EC3200A1C2AA /* Home.storyboard in Resources */,
				4A0DC54224A6EC9C00A1C2AA /* User.storyboard in Resources */,
				4A0DC54024A6EC7C00A1C2AA /* Follow.storyboard in Resources */,
			);
			runOnlyForDeploymentPostprocessing = 0;
		};
		4A007EBB24A5F05D0012D177 /* Resources */ = {
			isa = PBXResourcesBuildPhase;
			buildActionMask = 2147483647;
			files = (
			);
			runOnlyForDeploymentPostprocessing = 0;
		};
		4A007EC624A5F05D0012D177 /* Resources */ = {
			isa = PBXResourcesBuildPhase;
			buildActionMask = 2147483647;
			files = (
			);
			runOnlyForDeploymentPostprocessing = 0;
		};
/* End PBXResourcesBuildPhase section */

/* Begin PBXSourcesBuildPhase section */
		4A007EA324A5F05A0012D177 /* Sources */ = {
			isa = PBXSourcesBuildPhase;
			buildActionMask = 2147483647;
			files = (
				4A0DC55B24A70CEE00A1C2AA /* PageTitleView.swift in Sources */,
				4A007EAF24A5F05A0012D177 /* ViewController.swift in Sources */,
				4A0A9EEF24A730160046B291 /* PageContentView.swift in Sources */,
				4A0DC55624A6F7E500A1C2AA /* UserViewController.swift in Sources */,
				4A007EAB24A5F05A0012D177 /* AppDelegate.swift in Sources */,
				4A0DC55D24A70CFE00A1C2AA /* Common.swift in Sources */,
				4A0DC55924A6FCE200A1C2AA /* UIBarButtonIten_Extension.swift in Sources */,
				4A0DC55424A6F7BE00A1C2AA /* FollowViewController.swift in Sources */,
				4A0DC55224A6F7A300A1C2AA /* LiveViewController.swift in Sources */,
				4A0DC54724A6F6E500A1C2AA /* HomeViewController.swift in Sources */,
				4A0DC55F24A71FC500A1C2AA /* UIColor_Extension.swift in Sources */,
			);
			runOnlyForDeploymentPostprocessing = 0;
		};
		4A007EB924A5F05D0012D177 /* Sources */ = {
			isa = PBXSourcesBuildPhase;
			buildActionMask = 2147483647;
			files = (
				4A007EC224A5F05D0012D177 /* DouYuTVTests.swift in Sources */,
			);
			runOnlyForDeploymentPostprocessing = 0;
		};
		4A007EC424A5F05D0012D177 /* Sources */ = {
			isa = PBXSourcesBuildPhase;
			buildActionMask = 2147483647;
			files = (
				4A007ECD24A5F05D0012D177 /* DouYuTVUITests.swift in Sources */,
			);
			runOnlyForDeploymentPostprocessing = 0;
		};
/* End PBXSourcesBuildPhase section */

/* Begin PBXTargetDependency section */
		4A007EBF24A5F05D0012D177 /* PBXTargetDependency */ = {
			isa = PBXTargetDependency;
			target = 4A007EA624A5F05A0012D177 /* DouYuTV */;
			targetProxy = 4A007EBE24A5F05D0012D177 /* PBXContainerItemProxy */;
		};
		4A007ECA24A5F05D0012D177 /* PBXTargetDependency */ = {
			isa = PBXTargetDependency;
			target = 4A007EA624A5F05A0012D177 /* DouYuTV */;
			targetProxy = 4A007EC924A5F05D0012D177 /* PBXContainerItemProxy */;
		};
/* End PBXTargetDependency section */

/* Begin PBXVariantGroup section */
		4A007EB024A5F05A0012D177 /* Main.storyboard */ = {
			isa = PBXVariantGroup;
			children = (
				4A007EB124A5F05A0012D177 /* Base */,
			);
			name = Main.storyboard;
			sourceTree = "<group>";
		};
		4A007EB524A5F05D0012D177 /* LaunchScreen.storyboard */ = {
			isa = PBXVariantGroup;
			children = (
				4A007EB624A5F05D0012D177 /* Base */,
			);
			name = LaunchScreen.storyboard;
			sourceTree = "<group>";
		};
/* End PBXVariantGroup section */

/* Begin XCBuildConfiguration section */
		4A007ECF24A5F05D0012D177 /* Debug */ = {
			isa = XCBuildConfiguration;
			buildSettings = {
				ALWAYS_SEARCH_USER_PATHS = NO;
				CLANG_ANALYZER_NONNULL = YES;
				CLANG_ANALYZER_NUMBER_OBJECT_CONVERSION = YES_AGGRESSIVE;
				CLANG_CXX_LANGUAGE_STANDARD = "gnu++14";
				CLANG_CXX_LIBRARY = "libc++";
				CLANG_ENABLE_MODULES = YES;
				CLANG_ENABLE_OBJC_ARC = YES;
				CLANG_ENABLE_OBJC_WEAK = YES;
				CLANG_WARN_BLOCK_CAPTURE_AUTORELEASING = YES;
				CLANG_WARN_BOOL_CONVERSION = YES;
				CLANG_WARN_COMMA = YES;
				CLANG_WARN_CONSTANT_CONVERSION = YES;
				CLANG_WARN_DEPRECATED_OBJC_IMPLEMENTATIONS = YES;
				CLANG_WARN_DIRECT_OBJC_ISA_USAGE = YES_ERROR;
				CLANG_WARN_DOCUMENTATION_COMMENTS = YES;
				CLANG_WARN_EMPTY_BODY = YES;
				CLANG_WARN_ENUM_CONVERSION = YES;
				CLANG_WARN_INFINITE_RECURSION = YES;
				CLANG_WARN_INT_CONVERSION = YES;
				CLANG_WARN_NON_LITERAL_NULL_CONVERSION = YES;
				CLANG_WARN_OBJC_IMPLICIT_RETAIN_SELF = YES;
				CLANG_WARN_OBJC_LITERAL_CONVERSION = YES;
				CLANG_WARN_OBJC_ROOT_CLASS = YES_ERROR;
				CLANG_WARN_RANGE_LOOP_ANALYSIS = YES;
				CLANG_WARN_STRICT_PROTOTYPES = YES;
				CLANG_WARN_SUSPICIOUS_MOVE = YES;
				CLANG_WARN_UNGUARDED_AVAILABILITY = YES_AGGRESSIVE;
				CLANG_WARN_UNREACHABLE_CODE = YES;
				CLANG_WARN__DUPLICATE_METHOD_MATCH = YES;
				COPY_PHASE_STRIP = NO;
				DEBUG_INFORMATION_FORMAT = dwarf;
				ENABLE_STRICT_OBJC_MSGSEND = YES;
				ENABLE_TESTABILITY = YES;
				GCC_C_LANGUAGE_STANDARD = gnu11;
				GCC_DYNAMIC_NO_PIC = NO;
				GCC_NO_COMMON_BLOCKS = YES;
				GCC_OPTIMIZATION_LEVEL = 0;
				GCC_PREPROCESSOR_DEFINITIONS = (
					"DEBUG=1",
					"$(inherited)",
				);
				GCC_WARN_64_TO_32_BIT_CONVERSION = YES;
				GCC_WARN_ABOUT_RETURN_TYPE = YES_ERROR;
				GCC_WARN_UNDECLARED_SELECTOR = YES;
				GCC_WARN_UNINITIALIZED_AUTOS = YES_AGGRESSIVE;
				GCC_WARN_UNUSED_FUNCTION = YES;
				GCC_WARN_UNUSED_VARIABLE = YES;
				IPHONEOS_DEPLOYMENT_TARGET = 11.0;
				MTL_ENABLE_DEBUG_INFO = INCLUDE_SOURCE;
				MTL_FAST_MATH = YES;
				ONLY_ACTIVE_ARCH = YES;
				SDKROOT = iphoneos;
				SWIFT_ACTIVE_COMPILATION_CONDITIONS = DEBUG;
				SWIFT_OPTIMIZATION_LEVEL = "-Onone";
			};
			name = Debug;
		};
		4A007ED024A5F05D0012D177 /* Release */ = {
			isa = XCBuildConfiguration;
			buildSettings = {
				ALWAYS_SEARCH_USER_PATHS = NO;
				CLANG_ANALYZER_NONNULL = YES;
				CLANG_ANALYZER_NUMBER_OBJECT_CONVERSION = YES_AGGRESSIVE;
				CLANG_CXX_LANGUAGE_STANDARD = "gnu++14";
				CLANG_CXX_LIBRARY = "libc++";
				CLANG_ENABLE_MODULES = YES;
				CLANG_ENABLE_OBJC_ARC = YES;
				CLANG_ENABLE_OBJC_WEAK = YES;
				CLANG_WARN_BLOCK_CAPTURE_AUTORELEASING = YES;
				CLANG_WARN_BOOL_CONVERSION = YES;
				CLANG_WARN_COMMA = YES;
				CLANG_WARN_CONSTANT_CONVERSION = YES;
				CLANG_WARN_DEPRECATED_OBJC_IMPLEMENTATIONS = YES;
				CLANG_WARN_DIRECT_OBJC_ISA_USAGE = YES_ERROR;
				CLANG_WARN_DOCUMENTATION_COMMENTS = YES;
				CLANG_WARN_EMPTY_BODY = YES;
				CLANG_WARN_ENUM_CONVERSION = YES;
				CLANG_WARN_INFINITE_RECURSION = YES;
				CLANG_WARN_INT_CONVERSION = YES;
				CLANG_WARN_NON_LITERAL_NULL_CONVERSION = YES;
				CLANG_WARN_OBJC_IMPLICIT_RETAIN_SELF = YES;
				CLANG_WARN_OBJC_LITERAL_CONVERSION = YES;
				CLANG_WARN_OBJC_ROOT_CLASS = YES_ERROR;
				CLANG_WARN_RANGE_LOOP_ANALYSIS = YES;
				CLANG_WARN_STRICT_PROTOTYPES = YES;
				CLANG_WARN_SUSPICIOUS_MOVE = YES;
				CLANG_WARN_UNGUARDED_AVAILABILITY = YES_AGGRESSIVE;
				CLANG_WARN_UNREACHABLE_CODE = YES;
				CLANG_WARN__DUPLICATE_METHOD_MATCH = YES;
				COPY_PHASE_STRIP = NO;
				DEBUG_INFORMATION_FORMAT = "dwarf-with-dsym";
				ENABLE_NS_ASSERTIONS = NO;
				ENABLE_STRICT_OBJC_MSGSEND = YES;
				GCC_C_LANGUAGE_STANDARD = gnu11;
				GCC_NO_COMMON_BLOCKS = YES;
				GCC_WARN_64_TO_32_BIT_CONVERSION = YES;
				GCC_WARN_ABOUT_RETURN_TYPE = YES_ERROR;
				GCC_WARN_UNDECLARED_SELECTOR = YES;
				GCC_WARN_UNINITIALIZED_AUTOS = YES_AGGRESSIVE;
				GCC_WARN_UNUSED_FUNCTION = YES;
				GCC_WARN_UNUSED_VARIABLE = YES;
				IPHONEOS_DEPLOYMENT_TARGET = 11.0;
				MTL_ENABLE_DEBUG_INFO = NO;
				MTL_FAST_MATH = YES;
				SDKROOT = iphoneos;
				SWIFT_COMPILATION_MODE = wholemodule;
				SWIFT_OPTIMIZATION_LEVEL = "-O";
				VALIDATE_PRODUCT = YES;
			};
			name = Release;
		};
		4A007ED224A5F05D0012D177 /* Debug */ = {
			isa = XCBuildConfiguration;
			buildSettings = {
				ASSETCATALOG_COMPILER_APPICON_NAME = AppIcon;
				CODE_SIGN_STYLE = Automatic;
				DEVELOPMENT_TEAM = 3UDF77K6SZ;
				INFOPLIST_FILE = DouYuTV/Info.plist;
				LD_RUNPATH_SEARCH_PATHS = (
					"$(inherited)",
					"@executable_path/Frameworks",
				);
				PRODUCT_BUNDLE_IDENTIFIER = Neo.DouYuTV;
				PRODUCT_NAME = "$(TARGET_NAME)";
				SWIFT_VERSION = 5.0;
				TARGETED_DEVICE_FAMILY = "1,2";
			};
			name = Debug;
		};
		4A007ED324A5F05D0012D177 /* Release */ = {
			isa = XCBuildConfiguration;
			buildSettings = {
				ASSETCATALOG_COMPILER_APPICON_NAME = AppIcon;
				CODE_SIGN_STYLE = Automatic;
				DEVELOPMENT_TEAM = 3UDF77K6SZ;
				INFOPLIST_FILE = DouYuTV/Info.plist;
				LD_RUNPATH_SEARCH_PATHS = (
					"$(inherited)",
					"@executable_path/Frameworks",
				);
				PRODUCT_BUNDLE_IDENTIFIER = Neo.DouYuTV;
				PRODUCT_NAME = "$(TARGET_NAME)";
				SWIFT_VERSION = 5.0;
				TARGETED_DEVICE_FAMILY = "1,2";
			};
			name = Release;
		};
		4A007ED524A5F05D0012D177 /* Debug */ = {
			isa = XCBuildConfiguration;
			buildSettings = {
				ALWAYS_EMBED_SWIFT_STANDARD_LIBRARIES = YES;
				BUNDLE_LOADER = "$(TEST_HOST)";
				CODE_SIGN_STYLE = Automatic;
				DEVELOPMENT_TEAM = 3UDF77K6SZ;
				INFOPLIST_FILE = DouYuTVTests/Info.plist;
				IPHONEOS_DEPLOYMENT_TARGET = 13.5;
				LD_RUNPATH_SEARCH_PATHS = (
					"$(inherited)",
					"@executable_path/Frameworks",
					"@loader_path/Frameworks",
				);
				PRODUCT_BUNDLE_IDENTIFIER = Neo.DouYuTVTests;
				PRODUCT_NAME = "$(TARGET_NAME)";
				SWIFT_VERSION = 5.0;
				TARGETED_DEVICE_FAMILY = "1,2";
				TEST_HOST = "$(BUILT_PRODUCTS_DIR)/DouYuTV.app/DouYuTV";
			};
			name = Debug;
		};
		4A007ED624A5F05D0012D177 /* Release */ = {
			isa = XCBuildConfiguration;
			buildSettings = {
				ALWAYS_EMBED_SWIFT_STANDARD_LIBRARIES = YES;
				BUNDLE_LOADER = "$(TEST_HOST)";
				CODE_SIGN_STYLE = Automatic;
				DEVELOPMENT_TEAM = 3UDF77K6SZ;
				INFOPLIST_FILE = DouYuTVTests/Info.plist;
				IPHONEOS_DEPLOYMENT_TARGET = 13.5;
				LD_RUNPATH_SEARCH_PATHS = (
					"$(inherited)",
					"@executable_path/Frameworks",
					"@loader_path/Frameworks",
				);
				PRODUCT_BUNDLE_IDENTIFIER = Neo.DouYuTVTests;
				PRODUCT_NAME = "$(TARGET_NAME)";
				SWIFT_VERSION = 5.0;
				TARGETED_DEVICE_FAMILY = "1,2";
				TEST_HOST = "$(BUILT_PRODUCTS_DIR)/DouYuTV.app/DouYuTV";
			};
			name = Release;
		};
		4A007ED824A5F05D0012D177 /* Debug */ = {
			isa = XCBuildConfiguration;
			buildSettings = {
				ALWAYS_EMBED_SWIFT_STANDARD_LIBRARIES = YES;
				CODE_SIGN_STYLE = Automatic;
				DEVELOPMENT_TEAM = 3UDF77K6SZ;
				INFOPLIST_FILE = DouYuTVUITests/Info.plist;
				LD_RUNPATH_SEARCH_PATHS = (
					"$(inherited)",
					"@executable_path/Frameworks",
					"@loader_path/Frameworks",
				);
				PRODUCT_BUNDLE_IDENTIFIER = Neo.DouYuTVUITests;
				PRODUCT_NAME = "$(TARGET_NAME)";
				SWIFT_VERSION = 5.0;
				TARGETED_DEVICE_FAMILY = "1,2";
				TEST_TARGET_NAME = DouYuTV;
			};
			name = Debug;
		};
		4A007ED924A5F05D0012D177 /* Release */ = {
			isa = XCBuildConfiguration;
			buildSettings = {
				ALWAYS_EMBED_SWIFT_STANDARD_LIBRARIES = YES;
				CODE_SIGN_STYLE = Automatic;
				DEVELOPMENT_TEAM = 3UDF77K6SZ;
				INFOPLIST_FILE = DouYuTVUITests/Info.plist;
				LD_RUNPATH_SEARCH_PATHS = (
					"$(inherited)",
					"@executable_path/Frameworks",
					"@loader_path/Frameworks",
				);
				PRODUCT_BUNDLE_IDENTIFIER = Neo.DouYuTVUITests;
				PRODUCT_NAME = "$(TARGET_NAME)";
				SWIFT_VERSION = 5.0;
				TARGETED_DEVICE_FAMILY = "1,2";
				TEST_TARGET_NAME = DouYuTV;
			};
			name = Release;
		};
/* End XCBuildConfiguration section */

/* Begin XCConfigurationList section */
		4A007EA224A5F05A0012D177 /* Build configuration list for PBXProject "DouYuTV" */ = {
			isa = XCConfigurationList;
			buildConfigurations = (
				4A007ECF24A5F05D0012D177 /* Debug */,
				4A007ED024A5F05D0012D177 /* Release */,
			);
			defaultConfigurationIsVisible = 0;
			defaultConfigurationName = Release;
		};
		4A007ED124A5F05D0012D177 /* Build configuration list for PBXNativeTarget "DouYuTV" */ = {
			isa = XCConfigurationList;
			buildConfigurations = (
				4A007ED224A5F05D0012D177 /* Debug */,
				4A007ED324A5F05D0012D177 /* Release */,
			);
			defaultConfigurationIsVisible = 0;
			defaultConfigurationName = Release;
		};
		4A007ED424A5F05D0012D177 /* Build configuration list for PBXNativeTarget "DouYuTVTests" */ = {
			isa = XCConfigurationList;
			buildConfigurations = (
				4A007ED524A5F05D0012D177 /* Debug */,
				4A007ED624A5F05D0012D177 /* Release */,
			);
			defaultConfigurationIsVisible = 0;
			defaultConfigurationName = Release;
		};
		4A007ED724A5F05D0012D177 /* Build configuration list for PBXNativeTarget "DouYuTVUITests" */ = {
			isa = XCConfigurationList;
			buildConfigurations = (
				4A007ED824A5F05D0012D177 /* Debug */,
				4A007ED924A5F05D0012D177 /* Release */,
			);
			defaultConfigurationIsVisible = 0;
			defaultConfigurationName = Release;
		};
/* End XCConfigurationList section */
	};
	rootObject = 4A007E9F24A5F05A0012D177 /* Project object */;
}
